
Microsoft Visual Studio Solution File, Format Version 12.00
# Visual Studio Version 16
VisualStudioVersion = 16.0.31515.178
MinimumVisualStudioVersion = 10.0.40219.1
Project("{FAE04EC0-301F-11D3-BF4B-00C04F79EFBC}") = "fizzbuzz", "fizzbuzz.csproj", "{0E111BF8-A74F-4C88-9029-4B73CEA73CD3}"
EndProject
Global
	GlobalSection(SolutionConfigurationPlatforms) = preSolution
		Debug|Any CPU = Debug|Any CPU
		Release|Any CPU = Release|Any CPU
	EndGlobalSection
	GlobalSection(ProjectConfigurationPlatforms) = postSolution
		{0E111BF8-A74F-4C88-9029-4B73CEA73CD3}.Debug|Any CPU.ActiveCfg = Debug|Any CPU
		{0E111BF8-A74F-4C88-9029-4B73CEA73CD3}.Debug|Any CPU.Build.0 = Debug|Any CPU
		{0E111BF8-A74F-4C88-9029-4B73CEA73CD3}.Release|Any CPU.ActiveCfg = Release|Any CPU
		{0E111BF8-A74F-4C88-9029-4B73CEA73CD3}.Release|Any CPU.Build.0 = Release|Any CPU
	EndGlobalSection
	GlobalSection(SolutionProperties) = preSolution
		HideSolutionNode = FALSE
	EndGlobalSection
	GlobalSection(ExtensibilityGlobals) = postSolution
		SolutionGuid = {BE04B41B-44C9-4BBB-A621-33F573EC9B71}
	EndGlobalSection
EndGlobal
